// !$*UTF8*$!
{
	archiveVersion = 1;
	classes = {
	};
	objectVersion = 46;
	objects = {

/* Begin PBXBuildFile section */
		42B190F21CA96F150022B194 /* libstudiolinkapi.a in Frameworks */ = {isa = PBXBuildFile; fileRef = 42B190F11CA96F150022B194 /* libstudiolinkapi.a */; };
		42B190F41CA96F360022B194 /* CoreAudio.framework in Frameworks */ = {isa = PBXBuildFile; fileRef = 42B190F31CA96F360022B194 /* CoreAudio.framework */; };
		42B190F61CA96F4F0022B194 /* CoreFoundation.framework in Frameworks */ = {isa = PBXBuildFile; fileRef = 42B190F51CA96F4F0022B194 /* CoreFoundation.framework */; };
		42CD19071CA970540060111E /* StudioLinkAPIClient in CopyFiles */ = {isa = PBXBuildFile; fileRef = 42749A531CA965A200F1973E /* StudioLinkAPIClient */; };
		42D7FFBA1CA9661F004FBCF3 /* main.cpp in Sources */ = {isa = PBXBuildFile; fileRef = 42D7FFB91CA9661F004FBCF3 /* main.cpp */; };
/* End PBXBuildFile section */

/* Begin PBXCopyFilesBuildPhase section */
		42749A511CA965A200F1973E /* CopyFiles */ = {
			isa = PBXCopyFilesBuildPhase;
			buildActionMask = 12;
			dstPath = ../../../bin;
			dstSubfolderSpec = 16;
			files = (
				42CD19071CA970540060111E /* StudioLinkAPIClient in CopyFiles */,
			);
			runOnlyForDeploymentPostprocessing = 0;
		};
/* End PBXCopyFilesBuildPhase section */

/* Begin PBXFileReference section */
		42749A531CA965A200F1973E /* StudioLinkAPIClient */ = {isa = PBXFileReference; explicitFileType = "compiled.mach-o.executable"; includeInIndex = 0; path = StudioLinkAPIClient; sourceTree = BUILT_PRODUCTS_DIR; };
		42B190F11CA96F150022B194 /* libstudiolinkapi.a */ = {isa = PBXFileReference; lastKnownFileType = archive.ar; name = libstudiolinkapi.a; path = ../Build/Products/Debug/libstudiolinkapi.a; sourceTree = "<group>"; };
		42B190F31CA96F360022B194 /* CoreAudio.framework */ = {isa = PBXFileReference; lastKnownFileType = wrapper.framework; name = CoreAudio.framework; path = System/Library/Frameworks/CoreAudio.framework; sourceTree = SDKROOT; };
		42B190F51CA96F4F0022B194 /* CoreFoundation.framework */ = {isa = PBXFileReference; lastKnownFileType = wrapper.framework; name = CoreFoundation.framework; path = System/Library/Frameworks/CoreFoundation.framework; sourceTree = SDKROOT; };
		42D7FFB91CA9661F004FBCF3 /* main.cpp */ = {isa = PBXFileReference; fileEncoding = 4; lastKnownFileType = sourcecode.cpp.cpp; path = main.cpp; sourceTree = "<group>"; };
/* End PBXFileReference section */

/* Begin PBXFrameworksBuildPhase section */
		42749A501CA965A200F1973E /* Frameworks */ = {
			isa = PBXFrameworksBuildPhase;
			buildActionMask = 2147483647;
			files = (
				42B190F61CA96F4F0022B194 /* CoreFoundation.framework in Frameworks */,
				42B190F41CA96F360022B194 /* CoreAudio.framework in Frameworks */,
				42B190F21CA96F150022B194 /* libstudiolinkapi.a in Frameworks */,
			);
			runOnlyForDeploymentPostprocessing = 0;
		};
/* End PBXFrameworksBuildPhase section */

/* Begin PBXGroup section */
		42749A4A1CA965A200F1973E = {
			isa = PBXGroup;
			children = (
				42B190F51CA96F4F0022B194 /* CoreFoundation.framework */,
				42B190F31CA96F360022B194 /* CoreAudio.framework */,
				42B190F11CA96F150022B194 /* libstudiolinkapi.a */,
				42D7FFB91CA9661F004FBCF3 /* main.cpp */,
				42749A541CA965A200F1973E /* Products */,
			);
			sourceTree = "<group>";
		};
		42749A541CA965A200F1973E /* Products */ = {
			isa = PBXGroup;
			children = (
				42749A531CA965A200F1973E /* StudioLinkAPIClient */,
			);
			name = Products;
			sourceTree = "<group>";
		};
/* End PBXGroup section */

/* Begin PBXNativeTarget section */
		42749A521CA965A200F1973E /* StudioLinkAPIClient */ = {
			isa = PBXNativeTarget;
			buildConfigurationList = 42749A5A1CA965A200F1973E /* Build configuration list for PBXNativeTarget "StudioLinkAPIClient" */;
			buildPhases = (
				42749A4F1CA965A200F1973E /* Sources */,
				42749A501CA965A200F1973E /* Frameworks */,
				42749A511CA965A200F1973E /* CopyFiles */,
			);
			buildRules = (
			);
			dependencies = (
			);
			name = StudioLinkAPIClient;
			productName = StudioLinkAPIClient;
			productReference = 42749A531CA965A200F1973E /* StudioLinkAPIClient */;
			productType = "com.apple.product-type.tool";
		};
/* End PBXNativeTarget section */

/* Begin PBXProject section */
		42749A4B1CA965A200F1973E /* Project object */ = {
			isa = PBXProject;
			attributes = {
				LastUpgradeCheck = 0730;
				ORGANIZATIONNAME = "IT-Service Sebastian Reimers";
				TargetAttributes = {
					42749A521CA965A200F1973E = {
						CreatedOnToolsVersion = 7.3;
					};
				};
			};
			buildConfigurationList = 42749A4E1CA965A200F1973E /* Build configuration list for PBXProject "StudioLinkAPIClient" */;
			compatibilityVersion = "Xcode 3.2";
			developmentRegion = English;
			hasScannedForEncodings = 0;
			knownRegions = (
				en,
			);
			mainGroup = 42749A4A1CA965A200F1973E;
			productRefGroup = 42749A541CA965A200F1973E /* Products */;
			projectDirPath = "";
			projectRoot = "";
			targets = (
				42749A521CA965A200F1973E /* StudioLinkAPIClient */,
			);
		};
/* End PBXProject section */

/* Begin PBXSourcesBuildPhase section */
		42749A4F1CA965A200F1973E /* Sources */ = {
			isa = PBXSourcesBuildPhase;
			buildActionMask = 2147483647;
			files = (
				42D7FFBA1CA9661F004FBCF3 /* main.cpp in Sources */,
			);
			runOnlyForDeploymentPostprocessing = 0;
		};
/* End PBXSourcesBuildPhase section */

/* Begin XCBuildConfiguration section */
		42749A581CA965A200F1973E /* Debug */ = {
			isa = XCBuildConfiguration;
			buildSettings = {
				ALWAYS_SEARCH_USER_PATHS = NO;
				CLANG_ANALYZER_NONNULL = YES;
				CLANG_CXX_LANGUAGE_STANDARD = "gnu++0x";
				CLANG_CXX_LIBRARY = "libc++";
				CLANG_ENABLE_MODULES = YES;
				CLANG_ENABLE_OBJC_ARC = YES;
				CLANG_WARN_BOOL_CONVERSION = YES;
				CLANG_WARN_CONSTANT_CONVERSION = YES;
				CLANG_WARN_DIRECT_OBJC_ISA_USAGE = YES_ERROR;
				CLANG_WARN_EMPTY_BODY = YES;
				CLANG_WARN_ENUM_CONVERSION = YES;
				CLANG_WARN_INT_CONVERSION = YES;
				CLANG_WARN_OBJC_ROOT_CLASS = YES_ERROR;
				CLANG_WARN_UNREACHABLE_CODE = YES;
				CLANG_WARN__DUPLICATE_METHOD_MATCH = YES;
				CODE_SIGN_IDENTITY = "-";
				COPY_PHASE_STRIP = NO;
				DEBUG_INFORMATION_FORMAT = dwarf;
				ENABLE_STRICT_OBJC_MSGSEND = YES;
				ENABLE_TESTABILITY = YES;
				GCC_C_LANGUAGE_STANDARD = gnu99;
				GCC_DYNAMIC_NO_PIC = NO;
				GCC_NO_COMMON_BLOCKS = YES;
				GCC_OPTIMIZATION_LEVEL = 0;
				GCC_PREPROCESSOR_DEFINITIONS = (
					"DEBUG=1",
					"$(inherited)",
				);
				GCC_WARN_64_TO_32_BIT_CONVERSION = YES;
				GCC_WARN_ABOUT_RETURN_TYPE = YES_ERROR;
				GCC_WARN_UNDECLARED_SELECTOR = YES;
				GCC_WARN_UNINITIALIZED_AUTOS = YES_AGGRESSIVE;
				GCC_WARN_UNUSED_FUNCTION = YES;
				GCC_WARN_UNUSED_VARIABLE = YES;
				MACOSX_DEPLOYMENT_TARGET = 10.11;
				MTL_ENABLE_DEBUG_INFO = YES;
				ONLY_ACTIVE_ARCH = YES;
				SDKROOT = macosx;
			};
			name = Debug;
		};
		42749A591CA965A200F1973E /* Release */ = {
			isa = XCBuildConfiguration;
			buildSettings = {
				ALWAYS_SEARCH_USER_PATHS = NO;
				CLANG_ANALYZER_NONNULL = YES;
				CLANG_CXX_LANGUAGE_STANDARD = "gnu++0x";
				CLANG_CXX_LIBRARY = "libc++";
				CLANG_ENABLE_MODULES = YES;
				CLANG_ENABLE_OBJC_ARC = YES;
				CLANG_WARN_BOOL_CONVERSION = YES;
				CLANG_WARN_CONSTANT_CONVERSION = YES;
				CLANG_WARN_DIRECT_OBJC_ISA_USAGE = YES_ERROR;
				CLANG_WARN_EMPTY_BODY = YES;
				CLANG_WARN_ENUM_CONVERSION = YES;
				CLANG_WARN_INT_CONVERSION = YES;
				CLANG_WARN_OBJC_ROOT_CLASS = YES_ERROR;
				CLANG_WARN_UNREACHABLE_CODE = YES;
				CLANG_WARN__DUPLICATE_METHOD_MATCH = YES;
				CODE_SIGN_IDENTITY = "-";
				COPY_PHASE_STRIP = NO;
				DEBUG_INFORMATION_FORMAT = "dwarf-with-dsym";
				ENABLE_NS_ASSERTIONS = NO;
				ENABLE_STRICT_OBJC_MSGSEND = YES;
				GCC_C_LANGUAGE_STANDARD = gnu99;
				GCC_NO_COMMON_BLOCKS = YES;
				GCC_WARN_64_TO_32_BIT_CONVERSION = YES;
				GCC_WARN_ABOUT_RETURN_TYPE = YES_ERROR;
				GCC_WARN_UNDECLARED_SELECTOR = YES;
				GCC_WARN_UNINITIALIZED_AUTOS = YES_AGGRESSIVE;
				GCC_WARN_UNUSED_FUNCTION = YES;
				GCC_WARN_UNUSED_VARIABLE = YES;
				MACOSX_DEPLOYMENT_TARGET = 10.11;
				MTL_ENABLE_DEBUG_INFO = NO;
				SDKROOT = macosx;
			};
			name = Release;
		};
		42749A5B1CA965A200F1973E /* Debug */ = {
			isa = XCBuildConfiguration;
			buildSettings = {
				PRODUCT_NAME = "$(TARGET_NAME)";
			};
			name = Debug;
		};
		42749A5C1CA965A200F1973E /* Release */ = {
			isa = XCBuildConfiguration;
			buildSettings = {
				PRODUCT_NAME = "$(TARGET_NAME)";
			};
			name = Release;
		};
/* End XCBuildConfiguration section */

/* Begin XCConfigurationList section */
		42749A4E1CA965A200F1973E /* Build configuration list for PBXProject "StudioLinkAPIClient" */ = {
			isa = XCConfigurationList;
			buildConfigurations = (
				42749A581CA965A200F1973E /* Debug */,
				42749A591CA965A200F1973E /* Release */,
			);
			defaultConfigurationIsVisible = 0;
			defaultConfigurationName = Release;
		};
		42749A5A1CA965A200F1973E /* Build configuration list for PBXNativeTarget "StudioLinkAPIClient" */ = {
			isa = XCConfigurationList;
			buildConfigurations = (
				42749A5B1CA965A200F1973E /* Debug */,
				42749A5C1CA965A200F1973E /* Release */,
			);
			defaultConfigurationIsVisible = 0;
			defaultConfigurationName = Release;
		};
/* End XCConfigurationList section */
	};
	rootObject = 42749A4B1CA965A200F1973E /* Project object */;
}
